// !$*UTF8*$!
{
	archiveVersion = 1;
	classes = {
	};
	objectVersion = 56;
	objects = {

/* Begin PBXBuildFile section */
		3F3E8858A5CE061609D5AAD1 /* Pods_IsacTalkTests.framework in Frameworks */ = {isa = PBXBuildFile; fileRef = 452F127D1CE1F415693D16BC /* Pods_IsacTalkTests.framework */; };
		4B16AC942AB815C400928539 /* Defines.swift in Sources */ = {isa = PBXBuildFile; fileRef = 4B16AC932AB815C400928539 /* Defines.swift */; };
		4B16AC972AB815F300928539 /* UIApplication+Ext.swift in Sources */ = {isa = PBXBuildFile; fileRef = 4B16AC962AB815F300928539 /* UIApplication+Ext.swift */; };
		4B16AC992AB8167900928539 /* AlertType.swift in Sources */ = {isa = PBXBuildFile; fileRef = 4B16AC982AB8167900928539 /* AlertType.swift */; };
		4B16AC9C2AB817E000928539 /* SplashV.swift in Sources */ = {isa = PBXBuildFile; fileRef = 4B16AC9B2AB817E000928539 /* SplashV.swift */; };
		4B16AC9F2AB8189000928539 /* CommonTabV.swift in Sources */ = {isa = PBXBuildFile; fileRef = 4B16AC9E2AB8189000928539 /* CommonTabV.swift */; };
		4B16ACA32AB81A6400928539 /* AppManager.swift in Sources */ = {isa = PBXBuildFile; fileRef = 4B16ACA22AB81A6400928539 /* AppManager.swift */; };
		4B16ACA52AB81B5C00928539 /* View+Ext.swift in Sources */ = {isa = PBXBuildFile; fileRef = 4B16ACA42AB81B5C00928539 /* View+Ext.swift */; };
		4B35CB9F2ABD4D2500771148 /* UINavigationController+Ext.swift in Sources */ = {isa = PBXBuildFile; fileRef = 4B35CB9E2ABD4D2500771148 /* UINavigationController+Ext.swift */; };
		4B35CBA12ABD4F1800771148 /* DeviceType.swift in Sources */ = {isa = PBXBuildFile; fileRef = 4B35CBA02ABD4F1800771148 /* DeviceType.swift */; };
		4B95C6FA2AB80E72003CF206 /* IsacTalkApp.swift in Sources */ = {isa = PBXBuildFile; fileRef = 4B95C6F92AB80E72003CF206 /* IsacTalkApp.swift */; };
		4B95C6FE2AB80E73003CF206 /* Assets.xcassets in Resources */ = {isa = PBXBuildFile; fileRef = 4B95C6FD2AB80E73003CF206 /* Assets.xcassets */; };
		4B95C70B2AB80E73003CF206 /* IsacTalkTests.swift in Sources */ = {isa = PBXBuildFile; fileRef = 4B95C70A2AB80E73003CF206 /* IsacTalkTests.swift */; };
		4B95C7152AB80E73003CF206 /* IsacTalkUITests.swift in Sources */ = {isa = PBXBuildFile; fileRef = 4B95C7142AB80E73003CF206 /* IsacTalkUITests.swift */; };
		4B95C7172AB80E73003CF206 /* IsacTalkUITestsLaunchTests.swift in Sources */ = {isa = PBXBuildFile; fileRef = 4B95C7162AB80E73003CF206 /* IsacTalkUITestsLaunchTests.swift */; };
		4BB8C5B62AB81CA200F5868C /* Preview Assets.xcassets in Resources */ = {isa = PBXBuildFile; fileRef = 4BB8C5B52AB81CA200F5868C /* Preview Assets.xcassets */; };
		4BB8C5B82AB81D3A00F5868C /* GoogleService-Info.plist in Resources */ = {isa = PBXBuildFile; fileRef = 4BB8C5B72AB81D3A00F5868C /* GoogleService-Info.plist */; };
		4BB8C5BB2AB81E5900F5868C /* FirebaseAnalytics in Frameworks */ = {isa = PBXBuildFile; productRef = 4BB8C5BA2AB81E5900F5868C /* FirebaseAnalytics */; };
		4BB8C5BD2AB81E5900F5868C /* FirebaseAuth in Frameworks */ = {isa = PBXBuildFile; productRef = 4BB8C5BC2AB81E5900F5868C /* FirebaseAuth */; };
		4BB8C5BF2AB81E5900F5868C /* FirebaseCrashlytics in Frameworks */ = {isa = PBXBuildFile; productRef = 4BB8C5BE2AB81E5900F5868C /* FirebaseCrashlytics */; };
		4BB8C5C12AB81E5900F5868C /* FirebaseDatabase in Frameworks */ = {isa = PBXBuildFile; productRef = 4BB8C5C02AB81E5900F5868C /* FirebaseDatabase */; };
		4BB8C5C32AB81E5900F5868C /* FirebaseDynamicLinks in Frameworks */ = {isa = PBXBuildFile; productRef = 4BB8C5C22AB81E5900F5868C /* FirebaseDynamicLinks */; };
		4BB8C5C52AB81E5900F5868C /* FirebaseFirestore in Frameworks */ = {isa = PBXBuildFile; productRef = 4BB8C5C42AB81E5900F5868C /* FirebaseFirestore */; };
		4BB8C5C72AB81E5900F5868C /* FirebaseFirestoreSwift in Frameworks */ = {isa = PBXBuildFile; productRef = 4BB8C5C62AB81E5900F5868C /* FirebaseFirestoreSwift */; };
		4BB8C5C92AB81E5900F5868C /* FirebaseMessaging in Frameworks */ = {isa = PBXBuildFile; productRef = 4BB8C5C82AB81E5900F5868C /* FirebaseMessaging */; };
		4BB8C5CB2AB81E5900F5868C /* FirebaseRemoteConfig in Frameworks */ = {isa = PBXBuildFile; productRef = 4BB8C5CA2AB81E5900F5868C /* FirebaseRemoteConfig */; };
		4BB8C5CD2AB81E5900F5868C /* FirebaseStorage in Frameworks */ = {isa = PBXBuildFile; productRef = 4BB8C5CC2AB81E5900F5868C /* FirebaseStorage */; };
		4BB8C5D02AB81F0A00F5868C /* SDWebImageSwiftUI in Frameworks */ = {isa = PBXBuildFile; productRef = 4BB8C5CF2AB81F0A00F5868C /* SDWebImageSwiftUI */; };
		4BB8C5D32AB84FE500F5868C /* SplashVM.swift in Sources */ = {isa = PBXBuildFile; fileRef = 4BB8C5D22AB84FE500F5868C /* SplashVM.swift */; };
		4BB8C5D52AB863D800F5868C /* NaviManager.swift in Sources */ = {isa = PBXBuildFile; fileRef = 4BB8C5D42AB863D800F5868C /* NaviManager.swift */; };
		4BB8C5D82AB8692A00F5868C /* AccessGuideV.swift in Sources */ = {isa = PBXBuildFile; fileRef = 4BB8C5D72AB8692900F5868C /* AccessGuideV.swift */; };
		4BB8C5DB2AB8696300F5868C /* AccessGuideVM.swift in Sources */ = {isa = PBXBuildFile; fileRef = 4BB8C5DA2AB8696300F5868C /* AccessGuideVM.swift */; };
		4BB8C5DD2AB86A0300F5868C /* ThemeBtnStyle.swift in Sources */ = {isa = PBXBuildFile; fileRef = 4BB8C5DC2AB86A0300F5868C /* ThemeBtnStyle.swift */; };
		4BB8C5E02ABBF1CC00F5868C /* CommonLoadingV.swift in Sources */ = {isa = PBXBuildFile; fileRef = 4BB8C5DF2ABBF1CC00F5868C /* CommonLoadingV.swift */; };
		4BB8C5E22ABBF20E00F5868C /* CommonIndicator.swift in Sources */ = {isa = PBXBuildFile; fileRef = 4BB8C5E12ABBF20E00F5868C /* CommonIndicator.swift */; };
		4BB8C5E52ABC12F700F5868C /* LoginV.swift in Sources */ = {isa = PBXBuildFile; fileRef = 4BB8C5E42ABC12F700F5868C /* LoginV.swift */; };
		4BB8C5E82ABC13E600F5868C /* LoginVM.swift in Sources */ = {isa = PBXBuildFile; fileRef = 4BB8C5E72ABC13E600F5868C /* LoginVM.swift */; };
		4BB8C5ED2ABC453300F5868C /* IdLoginV.swift in Sources */ = {isa = PBXBuildFile; fileRef = 4BB8C5EC2ABC453300F5868C /* IdLoginV.swift */; };
		4BB8C5F02ABC45D900F5868C /* CustomTextField in Frameworks */ = {isa = PBXBuildFile; productRef = 4BB8C5EF2ABC45D900F5868C /* CustomTextField */; };
		4BB8C5F22ABC478E00F5868C /* KeyboardManager.swift in Sources */ = {isa = PBXBuildFile; fileRef = 4BB8C5F12ABC478E00F5868C /* KeyboardManager.swift */; };
		5AA8662ED6983DEA361FBE2B /* Pods_IsacTalk_IsacTalkUITests.framework in Frameworks */ = {isa = PBXBuildFile; fileRef = 96FF9B02D7232B60B5CFC884 /* Pods_IsacTalk_IsacTalkUITests.framework */; };
		F12CEDDE559CB06EB3911BEA /* Pods_IsacTalk.framework in Frameworks */ = {isa = PBXBuildFile; fileRef = 9598D278EC1DDFD451C31F2E /* Pods_IsacTalk.framework */; };
/* End PBXBuildFile section */

/* Begin PBXContainerItemProxy section */
		4B95C7072AB80E73003CF206 /* PBXContainerItemProxy */ = {
			isa = PBXContainerItemProxy;
			containerPortal = 4B95C6EE2AB80E72003CF206 /* Project object */;
			proxyType = 1;
			remoteGlobalIDString = 4B95C6F52AB80E72003CF206;
			remoteInfo = IsacTalk;
		};
		4B95C7112AB80E73003CF206 /* PBXContainerItemProxy */ = {
			isa = PBXContainerItemProxy;
			containerPortal = 4B95C6EE2AB80E72003CF206 /* Project object */;
			proxyType = 1;
			remoteGlobalIDString = 4B95C6F52AB80E72003CF206;
			remoteInfo = IsacTalk;
		};
/* End PBXContainerItemProxy section */

/* Begin PBXFileReference section */
		452F127D1CE1F415693D16BC /* Pods_IsacTalkTests.framework */ = {isa = PBXFileReference; explicitFileType = wrapper.framework; includeInIndex = 0; path = Pods_IsacTalkTests.framework; sourceTree = BUILT_PRODUCTS_DIR; };
		468E8114F7A72DA2C9CCA1D6 /* Pods-IsacTalk-IsacTalkUITests.debug.xcconfig */ = {isa = PBXFileReference; includeInIndex = 1; lastKnownFileType = text.xcconfig; name = "Pods-IsacTalk-IsacTalkUITests.debug.xcconfig"; path = "Target Support Files/Pods-IsacTalk-IsacTalkUITests/Pods-IsacTalk-IsacTalkUITests.debug.xcconfig"; sourceTree = "<group>"; };
		4B16AC932AB815C400928539 /* Defines.swift */ = {isa = PBXFileReference; lastKnownFileType = sourcecode.swift; path = Defines.swift; sourceTree = "<group>"; };
		4B16AC962AB815F300928539 /* UIApplication+Ext.swift */ = {isa = PBXFileReference; lastKnownFileType = sourcecode.swift; path = "UIApplication+Ext.swift"; sourceTree = "<group>"; };
		4B16AC982AB8167900928539 /* AlertType.swift */ = {isa = PBXFileReference; lastKnownFileType = sourcecode.swift; path = AlertType.swift; sourceTree = "<group>"; };
		4B16AC9B2AB817E000928539 /* SplashV.swift */ = {isa = PBXFileReference; lastKnownFileType = sourcecode.swift; path = SplashV.swift; sourceTree = "<group>"; };
		4B16AC9E2AB8189000928539 /* CommonTabV.swift */ = {isa = PBXFileReference; lastKnownFileType = sourcecode.swift; path = CommonTabV.swift; sourceTree = "<group>"; };
		4B16ACA22AB81A6400928539 /* AppManager.swift */ = {isa = PBXFileReference; lastKnownFileType = sourcecode.swift; path = AppManager.swift; sourceTree = "<group>"; };
		4B16ACA42AB81B5C00928539 /* View+Ext.swift */ = {isa = PBXFileReference; lastKnownFileType = sourcecode.swift; path = "View+Ext.swift"; sourceTree = "<group>"; };
		4B35CB9E2ABD4D2500771148 /* UINavigationController+Ext.swift */ = {isa = PBXFileReference; lastKnownFileType = sourcecode.swift; path = "UINavigationController+Ext.swift"; sourceTree = "<group>"; };
		4B35CBA02ABD4F1800771148 /* DeviceType.swift */ = {isa = PBXFileReference; lastKnownFileType = sourcecode.swift; path = DeviceType.swift; sourceTree = "<group>"; };
		4B95C6F62AB80E72003CF206 /* IsacTalk.app */ = {isa = PBXFileReference; explicitFileType = wrapper.application; includeInIndex = 0; path = IsacTalk.app; sourceTree = BUILT_PRODUCTS_DIR; };
		4B95C6F92AB80E72003CF206 /* IsacTalkApp.swift */ = {isa = PBXFileReference; lastKnownFileType = sourcecode.swift; path = IsacTalkApp.swift; sourceTree = "<group>"; };
		4B95C6FD2AB80E73003CF206 /* Assets.xcassets */ = {isa = PBXFileReference; lastKnownFileType = folder.assetcatalog; path = Assets.xcassets; sourceTree = "<group>"; };
		4B95C7062AB80E73003CF206 /* IsacTalkTests.xctest */ = {isa = PBXFileReference; explicitFileType = wrapper.cfbundle; includeInIndex = 0; path = IsacTalkTests.xctest; sourceTree = BUILT_PRODUCTS_DIR; };
		4B95C70A2AB80E73003CF206 /* IsacTalkTests.swift */ = {isa = PBXFileReference; lastKnownFileType = sourcecode.swift; path = IsacTalkTests.swift; sourceTree = "<group>"; };
		4B95C7102AB80E73003CF206 /* IsacTalkUITests.xctest */ = {isa = PBXFileReference; explicitFileType = wrapper.cfbundle; includeInIndex = 0; path = IsacTalkUITests.xctest; sourceTree = BUILT_PRODUCTS_DIR; };
		4B95C7142AB80E73003CF206 /* IsacTalkUITests.swift */ = {isa = PBXFileReference; lastKnownFileType = sourcecode.swift; path = IsacTalkUITests.swift; sourceTree = "<group>"; };
		4B95C7162AB80E73003CF206 /* IsacTalkUITestsLaunchTests.swift */ = {isa = PBXFileReference; lastKnownFileType = sourcecode.swift; path = IsacTalkUITestsLaunchTests.swift; sourceTree = "<group>"; };
		4BB8C5B52AB81CA200F5868C /* Preview Assets.xcassets */ = {isa = PBXFileReference; lastKnownFileType = folder.assetcatalog; path = "Preview Assets.xcassets"; sourceTree = "<group>"; };
		4BB8C5B72AB81D3A00F5868C /* GoogleService-Info.plist */ = {isa = PBXFileReference; fileEncoding = 4; lastKnownFileType = text.plist.xml; path = "GoogleService-Info.plist"; sourceTree = "<group>"; };
		4BB8C5D22AB84FE500F5868C /* SplashVM.swift */ = {isa = PBXFileReference; lastKnownFileType = sourcecode.swift; path = SplashVM.swift; sourceTree = "<group>"; };
		4BB8C5D42AB863D800F5868C /* NaviManager.swift */ = {isa = PBXFileReference; lastKnownFileType = sourcecode.swift; path = NaviManager.swift; sourceTree = "<group>"; };
		4BB8C5D72AB8692900F5868C /* AccessGuideV.swift */ = {isa = PBXFileReference; lastKnownFileType = sourcecode.swift; path = AccessGuideV.swift; sourceTree = "<group>"; };
		4BB8C5DA2AB8696300F5868C /* AccessGuideVM.swift */ = {isa = PBXFileReference; lastKnownFileType = sourcecode.swift; path = AccessGuideVM.swift; sourceTree = "<group>"; };
		4BB8C5DC2AB86A0300F5868C /* ThemeBtnStyle.swift */ = {isa = PBXFileReference; lastKnownFileType = sourcecode.swift; path = ThemeBtnStyle.swift; sourceTree = "<group>"; };
		4BB8C5DF2ABBF1CC00F5868C /* CommonLoadingV.swift */ = {isa = PBXFileReference; lastKnownFileType = sourcecode.swift; path = CommonLoadingV.swift; sourceTree = "<group>"; };
		4BB8C5E12ABBF20E00F5868C /* CommonIndicator.swift */ = {isa = PBXFileReference; lastKnownFileType = sourcecode.swift; path = CommonIndicator.swift; sourceTree = "<group>"; };
		4BB8C5E42ABC12F700F5868C /* LoginV.swift */ = {isa = PBXFileReference; lastKnownFileType = sourcecode.swift; path = LoginV.swift; sourceTree = "<group>"; };
		4BB8C5E72ABC13E600F5868C /* LoginVM.swift */ = {isa = PBXFileReference; lastKnownFileType = sourcecode.swift; path = LoginVM.swift; sourceTree = "<group>"; };
		4BB8C5EC2ABC453300F5868C /* IdLoginV.swift */ = {isa = PBXFileReference; lastKnownFileType = sourcecode.swift; path = IdLoginV.swift; sourceTree = "<group>"; };
		4BB8C5F12ABC478E00F5868C /* KeyboardManager.swift */ = {isa = PBXFileReference; lastKnownFileType = sourcecode.swift; path = KeyboardManager.swift; sourceTree = "<group>"; };
		906CBA2BF7B329F357C3BAFF /* Pods-IsacTalk-IsacTalkUITests.release.xcconfig */ = {isa = PBXFileReference; includeInIndex = 1; lastKnownFileType = text.xcconfig; name = "Pods-IsacTalk-IsacTalkUITests.release.xcconfig"; path = "Target Support Files/Pods-IsacTalk-IsacTalkUITests/Pods-IsacTalk-IsacTalkUITests.release.xcconfig"; sourceTree = "<group>"; };
		9598D278EC1DDFD451C31F2E /* Pods_IsacTalk.framework */ = {isa = PBXFileReference; explicitFileType = wrapper.framework; includeInIndex = 0; path = Pods_IsacTalk.framework; sourceTree = BUILT_PRODUCTS_DIR; };
		96FF9B02D7232B60B5CFC884 /* Pods_IsacTalk_IsacTalkUITests.framework */ = {isa = PBXFileReference; explicitFileType = wrapper.framework; includeInIndex = 0; path = Pods_IsacTalk_IsacTalkUITests.framework; sourceTree = BUILT_PRODUCTS_DIR; };
		A06A2D6FFA398FB6858D1EB6 /* Pods-IsacTalk.release.xcconfig */ = {isa = PBXFileReference; includeInIndex = 1; lastKnownFileType = text.xcconfig; name = "Pods-IsacTalk.release.xcconfig"; path = "Target Support Files/Pods-IsacTalk/Pods-IsacTalk.release.xcconfig"; sourceTree = "<group>"; };
		D16C723F69D09434F6DA6346 /* Pods-IsacTalk.debug.xcconfig */ = {isa = PBXFileReference; includeInIndex = 1; lastKnownFileType = text.xcconfig; name = "Pods-IsacTalk.debug.xcconfig"; path = "Target Support Files/Pods-IsacTalk/Pods-IsacTalk.debug.xcconfig"; sourceTree = "<group>"; };
		D463ECF6C9113BB676A1F1A8 /* Pods-IsacTalkTests.debug.xcconfig */ = {isa = PBXFileReference; includeInIndex = 1; lastKnownFileType = text.xcconfig; name = "Pods-IsacTalkTests.debug.xcconfig"; path = "Target Support Files/Pods-IsacTalkTests/Pods-IsacTalkTests.debug.xcconfig"; sourceTree = "<group>"; };
		DEF49FD29D30C9CBC4DDACC1 /* Pods-IsacTalkTests.release.xcconfig */ = {isa = PBXFileReference; includeInIndex = 1; lastKnownFileType = text.xcconfig; name = "Pods-IsacTalkTests.release.xcconfig"; path = "Target Support Files/Pods-IsacTalkTests/Pods-IsacTalkTests.release.xcconfig"; sourceTree = "<group>"; };
/* End PBXFileReference section */

/* Begin PBXFrameworksBuildPhase section */
		4B95C6F32AB80E72003CF206 /* Frameworks */ = {
			isa = PBXFrameworksBuildPhase;
			buildActionMask = 2147483647;
			files = (
				4BB8C5CB2AB81E5900F5868C /* FirebaseRemoteConfig in Frameworks */,
				4BB8C5C92AB81E5900F5868C /* FirebaseMessaging in Frameworks */,
				4BB8C5BF2AB81E5900F5868C /* FirebaseCrashlytics in Frameworks */,
				4BB8C5CD2AB81E5900F5868C /* FirebaseStorage in Frameworks */,
				4BB8C5BB2AB81E5900F5868C /* FirebaseAnalytics in Frameworks */,
				4BB8C5C12AB81E5900F5868C /* FirebaseDatabase in Frameworks */,
				4BB8C5C72AB81E5900F5868C /* FirebaseFirestoreSwift in Frameworks */,
				4BB8C5F02ABC45D900F5868C /* CustomTextField in Frameworks */,
				4BB8C5BD2AB81E5900F5868C /* FirebaseAuth in Frameworks */,
				4BB8C5D02AB81F0A00F5868C /* SDWebImageSwiftUI in Frameworks */,
				4BB8C5C32AB81E5900F5868C /* FirebaseDynamicLinks in Frameworks */,
				4BB8C5C52AB81E5900F5868C /* FirebaseFirestore in Frameworks */,
				F12CEDDE559CB06EB3911BEA /* Pods_IsacTalk.framework in Frameworks */,
			);
			runOnlyForDeploymentPostprocessing = 0;
		};
		4B95C7032AB80E73003CF206 /* Frameworks */ = {
			isa = PBXFrameworksBuildPhase;
			buildActionMask = 2147483647;
			files = (
				3F3E8858A5CE061609D5AAD1 /* Pods_IsacTalkTests.framework in Frameworks */,
			);
			runOnlyForDeploymentPostprocessing = 0;
		};
		4B95C70D2AB80E73003CF206 /* Frameworks */ = {
			isa = PBXFrameworksBuildPhase;
			buildActionMask = 2147483647;
			files = (
				5AA8662ED6983DEA361FBE2B /* Pods_IsacTalk_IsacTalkUITests.framework in Frameworks */,
			);
			runOnlyForDeploymentPostprocessing = 0;
		};
/* End PBXFrameworksBuildPhase section */

/* Begin PBXGroup section */
		4B16AC952AB815D900928539 /* Extensions */ = {
			isa = PBXGroup;
			children = (
				4B16AC962AB815F300928539 /* UIApplication+Ext.swift */,
				4B16ACA42AB81B5C00928539 /* View+Ext.swift */,
				4B35CB9E2ABD4D2500771148 /* UINavigationController+Ext.swift */,
			);
			path = Extensions;
			sourceTree = "<group>";
		};
		4B16AC9A2AB8178700928539 /* Splash */ = {
			isa = PBXGroup;
			children = (
				4BB8C5D12AB84FDA00F5868C /* VM */,
				4B16AC9B2AB817E000928539 /* SplashV.swift */,
			);
			path = Splash;
			sourceTree = "<group>";
		};
		4B16AC9D2AB8188200928539 /* Views */ = {
			isa = PBXGroup;
			children = (
				4BB8C5DE2ABBF1B800F5868C /* LoadingView */,
				4B16ACA02AB8189800928539 /* TabView */,
				4BB8C5DC2AB86A0300F5868C /* ThemeBtnStyle.swift */,
			);
			path = Views;
			sourceTree = "<group>";
		};
		4B16ACA02AB8189800928539 /* TabView */ = {
			isa = PBXGroup;
			children = (
				4B16AC9E2AB8189000928539 /* CommonTabV.swift */,
			);
			path = TabView;
			sourceTree = "<group>";
		};
		4B16ACA12AB81A4B00928539 /* Managers */ = {
			isa = PBXGroup;
			children = (
				4B16ACA22AB81A6400928539 /* AppManager.swift */,
				4BB8C5D42AB863D800F5868C /* NaviManager.swift */,
				4BB8C5F12ABC478E00F5868C /* KeyboardManager.swift */,
			);
			path = Managers;
			sourceTree = "<group>";
		};
		4B95C6ED2AB80E72003CF206 = {
			isa = PBXGroup;
			children = (
				4B95C6F82AB80E72003CF206 /* IsacTalk */,
				4B95C7092AB80E73003CF206 /* IsacTalkTests */,
				4B95C7132AB80E73003CF206 /* IsacTalkUITests */,
				4B95C6F72AB80E72003CF206 /* Products */,
				F98B65A3155C7661D89281C6 /* Pods */,
				D85712E510CCDA8DE686DA26 /* Frameworks */,
			);
			sourceTree = "<group>";
		};
		4B95C6F72AB80E72003CF206 /* Products */ = {
			isa = PBXGroup;
			children = (
				4B95C6F62AB80E72003CF206 /* IsacTalk.app */,
				4B95C7062AB80E73003CF206 /* IsacTalkTests.xctest */,
				4B95C7102AB80E73003CF206 /* IsacTalkUITests.xctest */,
			);
			name = Products;
			sourceTree = "<group>";
		};
		4B95C6F82AB80E72003CF206 /* IsacTalk */ = {
			isa = PBXGroup;
			children = (
				4BB8C5B42AB81C8F00F5868C /* Preview Content */,
				4B95C7252AB8135D003CF206 /* Supporting Files */,
				4B95C7232AB8134A003CF206 /* Common */,
				4B95C7242AB81351003CF206 /* Page */,
			);
			path = IsacTalk;
			sourceTree = "<group>";
		};
		4B95C7092AB80E73003CF206 /* IsacTalkTests */ = {
			isa = PBXGroup;
			children = (
				4B95C70A2AB80E73003CF206 /* IsacTalkTests.swift */,
			);
			path = IsacTalkTests;
			sourceTree = "<group>";
		};
		4B95C7132AB80E73003CF206 /* IsacTalkUITests */ = {
			isa = PBXGroup;
			children = (
				4B95C7142AB80E73003CF206 /* IsacTalkUITests.swift */,
				4B95C7162AB80E73003CF206 /* IsacTalkUITestsLaunchTests.swift */,
			);
			path = IsacTalkUITests;
			sourceTree = "<group>";
		};
		4B95C7232AB8134A003CF206 /* Common */ = {
			isa = PBXGroup;
			children = (
				4B16ACA12AB81A4B00928539 /* Managers */,
				4B16AC9D2AB8188200928539 /* Views */,
				4B16AC952AB815D900928539 /* Extensions */,
				4B16AC932AB815C400928539 /* Defines.swift */,
				4B16AC982AB8167900928539 /* AlertType.swift */,
				4B35CBA02ABD4F1800771148 /* DeviceType.swift */,
			);
			path = Common;
			sourceTree = "<group>";
		};
		4B95C7242AB81351003CF206 /* Page */ = {
			isa = PBXGroup;
			children = (
				4BB8C5E32ABBF2B400F5868C /* Login */,
				4BB8C5D62AB8645900F5868C /* AccessGuide */,
				4B16AC9A2AB8178700928539 /* Splash */,
				4B95C7262AB81384003CF206 /* Launch */,
			);
			path = Page;
			sourceTree = "<group>";
		};
		4B95C7252AB8135D003CF206 /* Supporting Files */ = {
			isa = PBXGroup;
			children = (
				4BB8C5B72AB81D3A00F5868C /* GoogleService-Info.plist */,
				4B95C6FD2AB80E73003CF206 /* Assets.xcassets */,
			);
			path = "Supporting Files";
			sourceTree = "<group>";
		};
		4B95C7262AB81384003CF206 /* Launch */ = {
			isa = PBXGroup;
			children = (
				4B95C6F92AB80E72003CF206 /* IsacTalkApp.swift */,
			);
			path = Launch;
			sourceTree = "<group>";
		};
		4BB8C5B42AB81C8F00F5868C /* Preview Content */ = {
			isa = PBXGroup;
			children = (
				4BB8C5B52AB81CA200F5868C /* Preview Assets.xcassets */,
			);
			path = "Preview Content";
			sourceTree = "<group>";
		};
		4BB8C5D12AB84FDA00F5868C /* VM */ = {
			isa = PBXGroup;
			children = (
				4BB8C5D22AB84FE500F5868C /* SplashVM.swift */,
			);
			path = VM;
			sourceTree = "<group>";
		};
		4BB8C5D62AB8645900F5868C /* AccessGuide */ = {
			isa = PBXGroup;
			children = (
				4BB8C5D92AB8695900F5868C /* VM */,
				4BB8C5D72AB8692900F5868C /* AccessGuideV.swift */,
			);
			path = AccessGuide;
			sourceTree = "<group>";
		};
		4BB8C5D92AB8695900F5868C /* VM */ = {
			isa = PBXGroup;
			children = (
				4BB8C5DA2AB8696300F5868C /* AccessGuideVM.swift */,
			);
			path = VM;
			sourceTree = "<group>";
		};
		4BB8C5DE2ABBF1B800F5868C /* LoadingView */ = {
			isa = PBXGroup;
			children = (
				4BB8C5DF2ABBF1CC00F5868C /* CommonLoadingV.swift */,
				4BB8C5E12ABBF20E00F5868C /* CommonIndicator.swift */,
			);
			path = LoadingView;
			sourceTree = "<group>";
		};
		4BB8C5E32ABBF2B400F5868C /* Login */ = {
			isa = PBXGroup;
			children = (
				4BB8C5E62ABC13DB00F5868C /* VM */,
				4BB8C5E42ABC12F700F5868C /* LoginV.swift */,
				4BB8C5EC2ABC453300F5868C /* IdLoginV.swift */,
			);
			path = Login;
			sourceTree = "<group>";
		};
		4BB8C5E62ABC13DB00F5868C /* VM */ = {
			isa = PBXGroup;
			children = (
				4BB8C5E72ABC13E600F5868C /* LoginVM.swift */,
			);
			path = VM;
			sourceTree = "<group>";
		};
		D85712E510CCDA8DE686DA26 /* Frameworks */ = {
			isa = PBXGroup;
			children = (
				9598D278EC1DDFD451C31F2E /* Pods_IsacTalk.framework */,
				96FF9B02D7232B60B5CFC884 /* Pods_IsacTalk_IsacTalkUITests.framework */,
				452F127D1CE1F415693D16BC /* Pods_IsacTalkTests.framework */,
			);
			name = Frameworks;
			sourceTree = "<group>";
		};
		F98B65A3155C7661D89281C6 /* Pods */ = {
			isa = PBXGroup;
			children = (
				D16C723F69D09434F6DA6346 /* Pods-IsacTalk.debug.xcconfig */,
				A06A2D6FFA398FB6858D1EB6 /* Pods-IsacTalk.release.xcconfig */,
				468E8114F7A72DA2C9CCA1D6 /* Pods-IsacTalk-IsacTalkUITests.debug.xcconfig */,
				906CBA2BF7B329F357C3BAFF /* Pods-IsacTalk-IsacTalkUITests.release.xcconfig */,
				D463ECF6C9113BB676A1F1A8 /* Pods-IsacTalkTests.debug.xcconfig */,
				DEF49FD29D30C9CBC4DDACC1 /* Pods-IsacTalkTests.release.xcconfig */,
			);
			path = Pods;
			sourceTree = "<group>";
		};
/* End PBXGroup section */

/* Begin PBXNativeTarget section */
		4B95C6F52AB80E72003CF206 /* IsacTalk */ = {
			isa = PBXNativeTarget;
			buildConfigurationList = 4B95C71A2AB80E73003CF206 /* Build configuration list for PBXNativeTarget "IsacTalk" */;
			buildPhases = (
				C5400FCCB252BD35613F32C4 /* [CP] Check Pods Manifest.lock */,
				4B95C6F22AB80E72003CF206 /* Sources */,
				4B95C6F32AB80E72003CF206 /* Frameworks */,
				4B95C6F42AB80E72003CF206 /* Resources */,
				DA9D7F13DAED34FE9E936B39 /* [CP] Embed Pods Frameworks */,
			);
			buildRules = (
			);
			dependencies = (
			);
			name = IsacTalk;
			packageProductDependencies = (
				4BB8C5BA2AB81E5900F5868C /* FirebaseAnalytics */,
				4BB8C5BC2AB81E5900F5868C /* FirebaseAuth */,
				4BB8C5BE2AB81E5900F5868C /* FirebaseCrashlytics */,
				4BB8C5C02AB81E5900F5868C /* FirebaseDatabase */,
				4BB8C5C22AB81E5900F5868C /* FirebaseDynamicLinks */,
				4BB8C5C42AB81E5900F5868C /* FirebaseFirestore */,
				4BB8C5C62AB81E5900F5868C /* FirebaseFirestoreSwift */,
				4BB8C5C82AB81E5900F5868C /* FirebaseMessaging */,
				4BB8C5CA2AB81E5900F5868C /* FirebaseRemoteConfig */,
				4BB8C5CC2AB81E5900F5868C /* FirebaseStorage */,
				4BB8C5CF2AB81F0A00F5868C /* SDWebImageSwiftUI */,
				4BB8C5EF2ABC45D900F5868C /* CustomTextField */,
			);
			productName = IsacTalk;
			productReference = 4B95C6F62AB80E72003CF206 /* IsacTalk.app */;
			productType = "com.apple.product-type.application";
		};
		4B95C7052AB80E73003CF206 /* IsacTalkTests */ = {
			isa = PBXNativeTarget;
			buildConfigurationList = 4B95C71D2AB80E73003CF206 /* Build configuration list for PBXNativeTarget "IsacTalkTests" */;
			buildPhases = (
				B67FB1AF4BF56B164AD93948 /* [CP] Check Pods Manifest.lock */,
				4B95C7022AB80E73003CF206 /* Sources */,
				4B95C7032AB80E73003CF206 /* Frameworks */,
				4B95C7042AB80E73003CF206 /* Resources */,
			);
			buildRules = (
			);
			dependencies = (
				4B95C7082AB80E73003CF206 /* PBXTargetDependency */,
			);
			name = IsacTalkTests;
			productName = IsacTalkTests;
			productReference = 4B95C7062AB80E73003CF206 /* IsacTalkTests.xctest */;
			productType = "com.apple.product-type.bundle.unit-test";
		};
		4B95C70F2AB80E73003CF206 /* IsacTalkUITests */ = {
			isa = PBXNativeTarget;
			buildConfigurationList = 4B95C7202AB80E73003CF206 /* Build configuration list for PBXNativeTarget "IsacTalkUITests" */;
			buildPhases = (
				55A7EB98C38A44BC1CE4B205 /* [CP] Check Pods Manifest.lock */,
				4B95C70C2AB80E73003CF206 /* Sources */,
				4B95C70D2AB80E73003CF206 /* Frameworks */,
				4B95C70E2AB80E73003CF206 /* Resources */,
				5DF8E6040B01D11290A66ABE /* [CP] Embed Pods Frameworks */,
			);
			buildRules = (
			);
			dependencies = (
				4B95C7122AB80E73003CF206 /* PBXTargetDependency */,
			);
			name = IsacTalkUITests;
			productName = IsacTalkUITests;
			productReference = 4B95C7102AB80E73003CF206 /* IsacTalkUITests.xctest */;
			productType = "com.apple.product-type.bundle.ui-testing";
		};
/* End PBXNativeTarget section */

/* Begin PBXProject section */
		4B95C6EE2AB80E72003CF206 /* Project object */ = {
			isa = PBXProject;
			attributes = {
				BuildIndependentTargetsInParallel = 1;
				LastSwiftUpdateCheck = 1430;
				LastUpgradeCheck = 1430;
				TargetAttributes = {
					4B95C6F52AB80E72003CF206 = {
						CreatedOnToolsVersion = 14.3.1;
					};
					4B95C7052AB80E73003CF206 = {
						CreatedOnToolsVersion = 14.3.1;
						TestTargetID = 4B95C6F52AB80E72003CF206;
					};
					4B95C70F2AB80E73003CF206 = {
						CreatedOnToolsVersion = 14.3.1;
						TestTargetID = 4B95C6F52AB80E72003CF206;
					};
				};
			};
			buildConfigurationList = 4B95C6F12AB80E72003CF206 /* Build configuration list for PBXProject "IsacTalk" */;
			compatibilityVersion = "Xcode 14.0";
			developmentRegion = en;
			hasScannedForEncodings = 0;
			knownRegions = (
				en,
				Base,
			);
			mainGroup = 4B95C6ED2AB80E72003CF206;
			packageReferences = (
				4BB8C5B92AB81E5900F5868C /* XCRemoteSwiftPackageReference "firebase-ios-sdk" */,
				4BB8C5CE2AB81F0A00F5868C /* XCRemoteSwiftPackageReference "SDWebImageSwiftUI" */,
				4BB8C5EE2ABC45D900F5868C /* XCRemoteSwiftPackageReference "SwiftUI-Custom-TextField" */,
			);
			productRefGroup = 4B95C6F72AB80E72003CF206 /* Products */;
			projectDirPath = "";
			projectRoot = "";
			targets = (
				4B95C6F52AB80E72003CF206 /* IsacTalk */,
				4B95C7052AB80E73003CF206 /* IsacTalkTests */,
				4B95C70F2AB80E73003CF206 /* IsacTalkUITests */,
			);
		};
/* End PBXProject section */

/* Begin PBXResourcesBuildPhase section */
		4B95C6F42AB80E72003CF206 /* Resources */ = {
			isa = PBXResourcesBuildPhase;
			buildActionMask = 2147483647;
			files = (
				4BB8C5B62AB81CA200F5868C /* Preview Assets.xcassets in Resources */,
				4B95C6FE2AB80E73003CF206 /* Assets.xcassets in Resources */,
				4BB8C5B82AB81D3A00F5868C /* GoogleService-Info.plist in Resources */,
			);
			runOnlyForDeploymentPostprocessing = 0;
		};
		4B95C7042AB80E73003CF206 /* Resources */ = {
			isa = PBXResourcesBuildPhase;
			buildActionMask = 2147483647;
			files = (
			);
			runOnlyForDeploymentPostprocessing = 0;
		};
		4B95C70E2AB80E73003CF206 /* Resources */ = {
			isa = PBXResourcesBuildPhase;
			buildActionMask = 2147483647;
			files = (
			);
			runOnlyForDeploymentPostprocessing = 0;
		};
/* End PBXResourcesBuildPhase section */

/* Begin PBXShellScriptBuildPhase section */
		55A7EB98C38A44BC1CE4B205 /* [CP] Check Pods Manifest.lock */ = {
			isa = PBXShellScriptBuildPhase;
			buildActionMask = 2147483647;
			files = (
			);
			inputFileListPaths = (
			);
			inputPaths = (
				"${PODS_PODFILE_DIR_PATH}/Podfile.lock",
				"${PODS_ROOT}/Manifest.lock",
			);
			name = "[CP] Check Pods Manifest.lock";
			outputFileListPaths = (
			);
			outputPaths = (
				"$(DERIVED_FILE_DIR)/Pods-IsacTalk-IsacTalkUITests-checkManifestLockResult.txt",
			);
			runOnlyForDeploymentPostprocessing = 0;
			shellPath = /bin/sh;
			shellScript = "diff \"${PODS_PODFILE_DIR_PATH}/Podfile.lock\" \"${PODS_ROOT}/Manifest.lock\" > /dev/null\nif [ $? != 0 ] ; then\n    # print error to STDERR\n    echo \"error: The sandbox is not in sync with the Podfile.lock. Run 'pod install' or update your CocoaPods installation.\" >&2\n    exit 1\nfi\n# This output is used by Xcode 'outputs' to avoid re-running this script phase.\necho \"SUCCESS\" > \"${SCRIPT_OUTPUT_FILE_0}\"\n";
			showEnvVarsInLog = 0;
		};
		5DF8E6040B01D11290A66ABE /* [CP] Embed Pods Frameworks */ = {
			isa = PBXShellScriptBuildPhase;
			buildActionMask = 2147483647;
			files = (
			);
			inputFileListPaths = (
				"${PODS_ROOT}/Target Support Files/Pods-IsacTalk-IsacTalkUITests/Pods-IsacTalk-IsacTalkUITests-frameworks-${CONFIGURATION}-input-files.xcfilelist",
			);
			name = "[CP] Embed Pods Frameworks";
			outputFileListPaths = (
				"${PODS_ROOT}/Target Support Files/Pods-IsacTalk-IsacTalkUITests/Pods-IsacTalk-IsacTalkUITests-frameworks-${CONFIGURATION}-output-files.xcfilelist",
			);
			runOnlyForDeploymentPostprocessing = 0;
			shellPath = /bin/sh;
			shellScript = "\"${PODS_ROOT}/Target Support Files/Pods-IsacTalk-IsacTalkUITests/Pods-IsacTalk-IsacTalkUITests-frameworks.sh\"\n";
			showEnvVarsInLog = 0;
		};
		B67FB1AF4BF56B164AD93948 /* [CP] Check Pods Manifest.lock */ = {
			isa = PBXShellScriptBuildPhase;
			buildActionMask = 2147483647;
			files = (
			);
			inputFileListPaths = (
			);
			inputPaths = (
				"${PODS_PODFILE_DIR_PATH}/Podfile.lock",
				"${PODS_ROOT}/Manifest.lock",
			);
			name = "[CP] Check Pods Manifest.lock";
			outputFileListPaths = (
			);
			outputPaths = (
				"$(DERIVED_FILE_DIR)/Pods-IsacTalkTests-checkManifestLockResult.txt",
			);
			runOnlyForDeploymentPostprocessing = 0;
			shellPath = /bin/sh;
			shellScript = "diff \"${PODS_PODFILE_DIR_PATH}/Podfile.lock\" \"${PODS_ROOT}/Manifest.lock\" > /dev/null\nif [ $? != 0 ] ; then\n    # print error to STDERR\n    echo \"error: The sandbox is not in sync with the Podfile.lock. Run 'pod install' or update your CocoaPods installation.\" >&2\n    exit 1\nfi\n# This output is used by Xcode 'outputs' to avoid re-running this script phase.\necho \"SUCCESS\" > \"${SCRIPT_OUTPUT_FILE_0}\"\n";
			showEnvVarsInLog = 0;
		};
		C5400FCCB252BD35613F32C4 /* [CP] Check Pods Manifest.lock */ = {
			isa = PBXShellScriptBuildPhase;
			buildActionMask = 2147483647;
			files = (
			);
			inputFileListPaths = (
			);
			inputPaths = (
				"${PODS_PODFILE_DIR_PATH}/Podfile.lock",
				"${PODS_ROOT}/Manifest.lock",
			);
			name = "[CP] Check Pods Manifest.lock";
			outputFileListPaths = (
			);
			outputPaths = (
				"$(DERIVED_FILE_DIR)/Pods-IsacTalk-checkManifestLockResult.txt",
			);
			runOnlyForDeploymentPostprocessing = 0;
			shellPath = /bin/sh;
			shellScript = "diff \"${PODS_PODFILE_DIR_PATH}/Podfile.lock\" \"${PODS_ROOT}/Manifest.lock\" > /dev/null\nif [ $? != 0 ] ; then\n    # print error to STDERR\n    echo \"error: The sandbox is not in sync with the Podfile.lock. Run 'pod install' or update your CocoaPods installation.\" >&2\n    exit 1\nfi\n# This output is used by Xcode 'outputs' to avoid re-running this script phase.\necho \"SUCCESS\" > \"${SCRIPT_OUTPUT_FILE_0}\"\n";
			showEnvVarsInLog = 0;
		};
		DA9D7F13DAED34FE9E936B39 /* [CP] Embed Pods Frameworks */ = {
			isa = PBXShellScriptBuildPhase;
			buildActionMask = 2147483647;
			files = (
			);
			inputFileListPaths = (
				"${PODS_ROOT}/Target Support Files/Pods-IsacTalk/Pods-IsacTalk-frameworks-${CONFIGURATION}-input-files.xcfilelist",
			);
			name = "[CP] Embed Pods Frameworks";
			outputFileListPaths = (
				"${PODS_ROOT}/Target Support Files/Pods-IsacTalk/Pods-IsacTalk-frameworks-${CONFIGURATION}-output-files.xcfilelist",
			);
			runOnlyForDeploymentPostprocessing = 0;
			shellPath = /bin/sh;
			shellScript = "\"${PODS_ROOT}/Target Support Files/Pods-IsacTalk/Pods-IsacTalk-frameworks.sh\"\n";
			showEnvVarsInLog = 0;
		};
/* End PBXShellScriptBuildPhase section */

/* Begin PBXSourcesBuildPhase section */
		4B95C6F22AB80E72003CF206 /* Sources */ = {
			isa = PBXSourcesBuildPhase;
			buildActionMask = 2147483647;
			files = (
				4B16ACA52AB81B5C00928539 /* View+Ext.swift in Sources */,
				4BB8C5DB2AB8696300F5868C /* AccessGuideVM.swift in Sources */,
				4BB8C5E02ABBF1CC00F5868C /* CommonLoadingV.swift in Sources */,
				4B35CBA12ABD4F1800771148 /* DeviceType.swift in Sources */,
				4BB8C5E22ABBF20E00F5868C /* CommonIndicator.swift in Sources */,
				4BB8C5D52AB863D800F5868C /* NaviManager.swift in Sources */,
				4B16ACA32AB81A6400928539 /* AppManager.swift in Sources */,
				4BB8C5E52ABC12F700F5868C /* LoginV.swift in Sources */,
				4BB8C5D82AB8692A00F5868C /* AccessGuideV.swift in Sources */,
				4B16AC972AB815F300928539 /* UIApplication+Ext.swift in Sources */,
				4BB8C5F22ABC478E00F5868C /* KeyboardManager.swift in Sources */,
				4BB8C5ED2ABC453300F5868C /* IdLoginV.swift in Sources */,
				4B16AC992AB8167900928539 /* AlertType.swift in Sources */,
				4B95C6FA2AB80E72003CF206 /* IsacTalkApp.swift in Sources */,
				4B16AC9C2AB817E000928539 /* SplashV.swift in Sources */,
				4B16AC942AB815C400928539 /* Defines.swift in Sources */,
				4B35CB9F2ABD4D2500771148 /* UINavigationController+Ext.swift in Sources */,
				4B16AC9F2AB8189000928539 /* CommonTabV.swift in Sources */,
				4BB8C5D32AB84FE500F5868C /* SplashVM.swift in Sources */,
				4BB8C5DD2AB86A0300F5868C /* ThemeBtnStyle.swift in Sources */,
				4BB8C5E82ABC13E600F5868C /* LoginVM.swift in Sources */,
			);
			runOnlyForDeploymentPostprocessing = 0;
		};
		4B95C7022AB80E73003CF206 /* Sources */ = {
			isa = PBXSourcesBuildPhase;
			buildActionMask = 2147483647;
			files = (
				4B95C70B2AB80E73003CF206 /* IsacTalkTests.swift in Sources */,
			);
			runOnlyForDeploymentPostprocessing = 0;
		};
		4B95C70C2AB80E73003CF206 /* Sources */ = {
			isa = PBXSourcesBuildPhase;
			buildActionMask = 2147483647;
			files = (
				4B95C7172AB80E73003CF206 /* IsacTalkUITestsLaunchTests.swift in Sources */,
				4B95C7152AB80E73003CF206 /* IsacTalkUITests.swift in Sources */,
			);
			runOnlyForDeploymentPostprocessing = 0;
		};
/* End PBXSourcesBuildPhase section */

/* Begin PBXTargetDependency section */
		4B95C7082AB80E73003CF206 /* PBXTargetDependency */ = {
			isa = PBXTargetDependency;
			target = 4B95C6F52AB80E72003CF206 /* IsacTalk */;
			targetProxy = 4B95C7072AB80E73003CF206 /* PBXContainerItemProxy */;
		};
		4B95C7122AB80E73003CF206 /* PBXTargetDependency */ = {
			isa = PBXTargetDependency;
			target = 4B95C6F52AB80E72003CF206 /* IsacTalk */;
			targetProxy = 4B95C7112AB80E73003CF206 /* PBXContainerItemProxy */;
		};
/* End PBXTargetDependency section */

/* Begin XCBuildConfiguration section */
		4B95C7182AB80E73003CF206 /* Debug */ = {
			isa = XCBuildConfiguration;
			buildSettings = {
				ALWAYS_SEARCH_USER_PATHS = NO;
				CLANG_ANALYZER_NONNULL = YES;
				CLANG_ANALYZER_NUMBER_OBJECT_CONVERSION = YES_AGGRESSIVE;
				CLANG_CXX_LANGUAGE_STANDARD = "gnu++20";
				CLANG_ENABLE_MODULES = YES;
				CLANG_ENABLE_OBJC_ARC = YES;
				CLANG_ENABLE_OBJC_WEAK = YES;
				CLANG_WARN_BLOCK_CAPTURE_AUTORELEASING = YES;
				CLANG_WARN_BOOL_CONVERSION = YES;
				CLANG_WARN_COMMA = YES;
				CLANG_WARN_CONSTANT_CONVERSION = YES;
				CLANG_WARN_DEPRECATED_OBJC_IMPLEMENTATIONS = YES;
				CLANG_WARN_DIRECT_OBJC_ISA_USAGE = YES_ERROR;
				CLANG_WARN_DOCUMENTATION_COMMENTS = YES;
				CLANG_WARN_EMPTY_BODY = YES;
				CLANG_WARN_ENUM_CONVERSION = YES;
				CLANG_WARN_INFINITE_RECURSION = YES;
				CLANG_WARN_INT_CONVERSION = YES;
				CLANG_WARN_NON_LITERAL_NULL_CONVERSION = YES;
				CLANG_WARN_OBJC_IMPLICIT_RETAIN_SELF = YES;
				CLANG_WARN_OBJC_LITERAL_CONVERSION = YES;
				CLANG_WARN_OBJC_ROOT_CLASS = YES_ERROR;
				CLANG_WARN_QUOTED_INCLUDE_IN_FRAMEWORK_HEADER = YES;
				CLANG_WARN_RANGE_LOOP_ANALYSIS = YES;
				CLANG_WARN_STRICT_PROTOTYPES = YES;
				CLANG_WARN_SUSPICIOUS_MOVE = YES;
				CLANG_WARN_UNGUARDED_AVAILABILITY = YES_AGGRESSIVE;
				CLANG_WARN_UNREACHABLE_CODE = YES;
				CLANG_WARN__DUPLICATE_METHOD_MATCH = YES;
				COPY_PHASE_STRIP = NO;
				DEBUG_INFORMATION_FORMAT = dwarf;
				ENABLE_STRICT_OBJC_MSGSEND = YES;
				ENABLE_TESTABILITY = YES;
				GCC_C_LANGUAGE_STANDARD = gnu11;
				GCC_DYNAMIC_NO_PIC = NO;
				GCC_NO_COMMON_BLOCKS = YES;
				GCC_OPTIMIZATION_LEVEL = 0;
				GCC_PREPROCESSOR_DEFINITIONS = (
					"DEBUG=1",
					"$(inherited)",
				);
				GCC_WARN_64_TO_32_BIT_CONVERSION = YES;
				GCC_WARN_ABOUT_RETURN_TYPE = YES_ERROR;
				GCC_WARN_UNDECLARED_SELECTOR = YES;
				GCC_WARN_UNINITIALIZED_AUTOS = YES_AGGRESSIVE;
				GCC_WARN_UNUSED_FUNCTION = YES;
				GCC_WARN_UNUSED_VARIABLE = YES;
				IPHONEOS_DEPLOYMENT_TARGET = 16.4;
				MTL_ENABLE_DEBUG_INFO = INCLUDE_SOURCE;
				MTL_FAST_MATH = YES;
				ONLY_ACTIVE_ARCH = YES;
				SDKROOT = iphoneos;
				SWIFT_ACTIVE_COMPILATION_CONDITIONS = DEBUG;
				SWIFT_OPTIMIZATION_LEVEL = "-Onone";
			};
			name = Debug;
		};
		4B95C7192AB80E73003CF206 /* Release */ = {
			isa = XCBuildConfiguration;
			buildSettings = {
				ALWAYS_SEARCH_USER_PATHS = NO;
				CLANG_ANALYZER_NONNULL = YES;
				CLANG_ANALYZER_NUMBER_OBJECT_CONVERSION = YES_AGGRESSIVE;
				CLANG_CXX_LANGUAGE_STANDARD = "gnu++20";
				CLANG_ENABLE_MODULES = YES;
				CLANG_ENABLE_OBJC_ARC = YES;
				CLANG_ENABLE_OBJC_WEAK = YES;
				CLANG_WARN_BLOCK_CAPTURE_AUTORELEASING = YES;
				CLANG_WARN_BOOL_CONVERSION = YES;
				CLANG_WARN_COMMA = YES;
				CLANG_WARN_CONSTANT_CONVERSION = YES;
				CLANG_WARN_DEPRECATED_OBJC_IMPLEMENTATIONS = YES;
				CLANG_WARN_DIRECT_OBJC_ISA_USAGE = YES_ERROR;
				CLANG_WARN_DOCUMENTATION_COMMENTS = YES;
				CLANG_WARN_EMPTY_BODY = YES;
				CLANG_WARN_ENUM_CONVERSION = YES;
				CLANG_WARN_INFINITE_RECURSION = YES;
				CLANG_WARN_INT_CONVERSION = YES;
				CLANG_WARN_NON_LITERAL_NULL_CONVERSION = YES;
				CLANG_WARN_OBJC_IMPLICIT_RETAIN_SELF = YES;
				CLANG_WARN_OBJC_LITERAL_CONVERSION = YES;
				CLANG_WARN_OBJC_ROOT_CLASS = YES_ERROR;
				CLANG_WARN_QUOTED_INCLUDE_IN_FRAMEWORK_HEADER = YES;
				CLANG_WARN_RANGE_LOOP_ANALYSIS = YES;
				CLANG_WARN_STRICT_PROTOTYPES = YES;
				CLANG_WARN_SUSPICIOUS_MOVE = YES;
				CLANG_WARN_UNGUARDED_AVAILABILITY = YES_AGGRESSIVE;
				CLANG_WARN_UNREACHABLE_CODE = YES;
				CLANG_WARN__DUPLICATE_METHOD_MATCH = YES;
				COPY_PHASE_STRIP = NO;
				DEBUG_INFORMATION_FORMAT = "dwarf-with-dsym";
				ENABLE_NS_ASSERTIONS = NO;
				ENABLE_STRICT_OBJC_MSGSEND = YES;
				GCC_C_LANGUAGE_STANDARD = gnu11;
				GCC_NO_COMMON_BLOCKS = YES;
				GCC_WARN_64_TO_32_BIT_CONVERSION = YES;
				GCC_WARN_ABOUT_RETURN_TYPE = YES_ERROR;
				GCC_WARN_UNDECLARED_SELECTOR = YES;
				GCC_WARN_UNINITIALIZED_AUTOS = YES_AGGRESSIVE;
				GCC_WARN_UNUSED_FUNCTION = YES;
				GCC_WARN_UNUSED_VARIABLE = YES;
				IPHONEOS_DEPLOYMENT_TARGET = 16.4;
				MTL_ENABLE_DEBUG_INFO = NO;
				MTL_FAST_MATH = YES;
				SDKROOT = iphoneos;
				SWIFT_COMPILATION_MODE = wholemodule;
				SWIFT_OPTIMIZATION_LEVEL = "-O";
				VALIDATE_PRODUCT = YES;
			};
			name = Release;
		};
		4B95C71B2AB80E73003CF206 /* Debug */ = {
			isa = XCBuildConfiguration;
			baseConfigurationReference = D16C723F69D09434F6DA6346 /* Pods-IsacTalk.debug.xcconfig */;
			buildSettings = {
				ASSETCATALOG_COMPILER_APPICON_NAME = AppIcon;
				ASSETCATALOG_COMPILER_GLOBAL_ACCENT_COLOR_NAME = AccentColor;
				CODE_SIGN_STYLE = Automatic;
				CURRENT_PROJECT_VERSION = 1;
				DEVELOPMENT_ASSET_PATHS = "\"IsacTalk/Preview Content\"";
				DEVELOPMENT_TEAM = PQADV43RTW;
				ENABLE_PREVIEWS = YES;
				GENERATE_INFOPLIST_FILE = YES;
				INFOPLIST_FILE = "IsacTalk/Supporting Files/Info.plist";
				INFOPLIST_KEY_CFBundleDisplayName = "이삭톡";
				INFOPLIST_KEY_NSCameraUsageDescription = "파일 업로드 시 사용될 사진 촬영을 위해서 카메라를 사용합니다.";
				INFOPLIST_KEY_NSPhotoLibraryUsageDescription = "파일 업로드 시 사용될 사진 라이브러리를 사용합니다.";
				INFOPLIST_KEY_NSUserTrackingUsageDescription = "IsacTalk이 사용자 맞춤 정보를 제공하기 위해 광고추적 허용이 필요합니다.";
				INFOPLIST_KEY_UIApplicationSceneManifest_Generation = YES;
				INFOPLIST_KEY_UIApplicationSupportsIndirectInputEvents = YES;
				INFOPLIST_KEY_UILaunchScreen_Generation = YES;
				INFOPLIST_KEY_UISupportedInterfaceOrientations = UIInterfaceOrientationPortrait;
				INFOPLIST_KEY_UISupportedInterfaceOrientations_iPad = "UIInterfaceOrientationLandscapeLeft UIInterfaceOrientationLandscapeRight UIInterfaceOrientationPortrait UIInterfaceOrientationPortraitUpsideDown";
				INFOPLIST_KEY_UIUserInterfaceStyle = Light;
				IPHONEOS_DEPLOYMENT_TARGET = 14.0;
				LD_RUNPATH_SEARCH_PATHS = (
					"$(inherited)",
					"@executable_path/Frameworks",
				);
				MARKETING_VERSION = 1.0.0;
				PRODUCT_BUNDLE_IDENTIFIER = com.isac.IsacTalk;
				PRODUCT_NAME = "$(TARGET_NAME)";
				SUPPORTED_PLATFORMS = "iphoneos iphonesimulator";
				SUPPORTS_MACCATALYST = NO;
				SUPPORTS_MAC_DESIGNED_FOR_IPHONE_IPAD = YES;
				SWIFT_EMIT_LOC_STRINGS = YES;
				SWIFT_VERSION = 5.0;
				TARGETED_DEVICE_FAMILY = 1;
			};
			name = Debug;
		};
		4B95C71C2AB80E73003CF206 /* Release */ = {
			isa = XCBuildConfiguration;
			baseConfigurationReference = A06A2D6FFA398FB6858D1EB6 /* Pods-IsacTalk.release.xcconfig */;
			buildSettings = {
				ASSETCATALOG_COMPILER_APPICON_NAME = AppIcon;
				ASSETCATALOG_COMPILER_GLOBAL_ACCENT_COLOR_NAME = AccentColor;
				CODE_SIGN_STYLE = Automatic;
				CURRENT_PROJECT_VERSION = 1;
				DEVELOPMENT_ASSET_PATHS = "\"IsacTalk/Preview Content\"";
				DEVELOPMENT_TEAM = PQADV43RTW;
				ENABLE_PREVIEWS = YES;
				GENERATE_INFOPLIST_FILE = YES;
				INFOPLIST_FILE = "IsacTalk/Supporting Files/Info.plist";
				INFOPLIST_KEY_CFBundleDisplayName = "이삭톡";
				INFOPLIST_KEY_NSCameraUsageDescription = "파일 업로드 시 사용될 사진 촬영을 위해서 카메라를 사용합니다.";
				INFOPLIST_KEY_NSPhotoLibraryUsageDescription = "파일 업로드 시 사용될 사진 라이브러리를 사용합니다.";
				INFOPLIST_KEY_NSUserTrackingUsageDescription = "IsacTalk이 사용자 맞춤 정보를 제공하기 위해 광고추적 허용이 필요합니다.";
				INFOPLIST_KEY_UIApplicationSceneManifest_Generation = YES;
				INFOPLIST_KEY_UIApplicationSupportsIndirectInputEvents = YES;
				INFOPLIST_KEY_UILaunchScreen_Generation = YES;
				INFOPLIST_KEY_UISupportedInterfaceOrientations = UIInterfaceOrientationPortrait;
				INFOPLIST_KEY_UISupportedInterfaceOrientations_iPad = "UIInterfaceOrientationLandscapeLeft UIInterfaceOrientationLandscapeRight UIInterfaceOrientationPortrait UIInterfaceOrientationPortraitUpsideDown";
				INFOPLIST_KEY_UIUserInterfaceStyle = Light;
				IPHONEOS_DEPLOYMENT_TARGET = 14.0;
				LD_RUNPATH_SEARCH_PATHS = (
					"$(inherited)",
					"@executable_path/Frameworks",
				);
				MARKETING_VERSION = 1.0.0;
				PRODUCT_BUNDLE_IDENTIFIER = com.isac.IsacTalk;
				PRODUCT_NAME = "$(TARGET_NAME)";
				SUPPORTED_PLATFORMS = "iphoneos iphonesimulator";
				SUPPORTS_MACCATALYST = NO;
				SUPPORTS_MAC_DESIGNED_FOR_IPHONE_IPAD = YES;
				SWIFT_EMIT_LOC_STRINGS = YES;
				SWIFT_VERSION = 5.0;
				TARGETED_DEVICE_FAMILY = 1;
			};
			name = Release;
		};
		4B95C71E2AB80E73003CF206 /* Debug */ = {
			isa = XCBuildConfiguration;
			baseConfigurationReference = D463ECF6C9113BB676A1F1A8 /* Pods-IsacTalkTests.debug.xcconfig */;
			buildSettings = {
				ALWAYS_EMBED_SWIFT_STANDARD_LIBRARIES = YES;
				BUNDLE_LOADER = "$(TEST_HOST)";
				CODE_SIGN_STYLE = Automatic;
				CURRENT_PROJECT_VERSION = 1;
				DEVELOPMENT_TEAM = PQADV43RTW;
				GENERATE_INFOPLIST_FILE = YES;
				IPHONEOS_DEPLOYMENT_TARGET = 16.4;
				MARKETING_VERSION = 1.0;
				PRODUCT_BUNDLE_IDENTIFIER = com.isac.IsacTalkTests;
				PRODUCT_NAME = "$(TARGET_NAME)";
				SWIFT_EMIT_LOC_STRINGS = NO;
				SWIFT_VERSION = 5.0;
				TARGETED_DEVICE_FAMILY = "1,2";
				TEST_HOST = "$(BUILT_PRODUCTS_DIR)/IsacTalk.app/$(BUNDLE_EXECUTABLE_FOLDER_PATH)/IsacTalk";
			};
			name = Debug;
		};
		4B95C71F2AB80E73003CF206 /* Release */ = {
			isa = XCBuildConfiguration;
			baseConfigurationReference = DEF49FD29D30C9CBC4DDACC1 /* Pods-IsacTalkTests.release.xcconfig */;
			buildSettings = {
				ALWAYS_EMBED_SWIFT_STANDARD_LIBRARIES = YES;
				BUNDLE_LOADER = "$(TEST_HOST)";
				CODE_SIGN_STYLE = Automatic;
				CURRENT_PROJECT_VERSION = 1;
				DEVELOPMENT_TEAM = PQADV43RTW;
				GENERATE_INFOPLIST_FILE = YES;
				IPHONEOS_DEPLOYMENT_TARGET = 16.4;
				MARKETING_VERSION = 1.0;
				PRODUCT_BUNDLE_IDENTIFIER = com.isac.IsacTalkTests;
				PRODUCT_NAME = "$(TARGET_NAME)";
				SWIFT_EMIT_LOC_STRINGS = NO;
				SWIFT_VERSION = 5.0;
				TARGETED_DEVICE_FAMILY = "1,2";
				TEST_HOST = "$(BUILT_PRODUCTS_DIR)/IsacTalk.app/$(BUNDLE_EXECUTABLE_FOLDER_PATH)/IsacTalk";
			};
			name = Release;
		};
		4B95C7212AB80E73003CF206 /* Debug */ = {
			isa = XCBuildConfiguration;
			baseConfigurationReference = 468E8114F7A72DA2C9CCA1D6 /* Pods-IsacTalk-IsacTalkUITests.debug.xcconfig */;
			buildSettings = {
				ALWAYS_EMBED_SWIFT_STANDARD_LIBRARIES = YES;
				CODE_SIGN_STYLE = Automatic;
				CURRENT_PROJECT_VERSION = 1;
				DEVELOPMENT_TEAM = PQADV43RTW;
				GENERATE_INFOPLIST_FILE = YES;
				MARKETING_VERSION = 1.0;
				PRODUCT_BUNDLE_IDENTIFIER = com.isac.IsacTalkUITests;
				PRODUCT_NAME = "$(TARGET_NAME)";
				SWIFT_EMIT_LOC_STRINGS = NO;
				SWIFT_VERSION = 5.0;
				TARGETED_DEVICE_FAMILY = "1,2";
				TEST_TARGET_NAME = IsacTalk;
			};
			name = Debug;
		};
		4B95C7222AB80E73003CF206 /* Release */ = {
			isa = XCBuildConfiguration;
			baseConfigurationReference = 906CBA2BF7B329F357C3BAFF /* Pods-IsacTalk-IsacTalkUITests.release.xcconfig */;
			buildSettings = {
				ALWAYS_EMBED_SWIFT_STANDARD_LIBRARIES = YES;
				CODE_SIGN_STYLE = Automatic;
				CURRENT_PROJECT_VERSION = 1;
				DEVELOPMENT_TEAM = PQADV43RTW;
				GENERATE_INFOPLIST_FILE = YES;
				MARKETING_VERSION = 1.0;
				PRODUCT_BUNDLE_IDENTIFIER = com.isac.IsacTalkUITests;
				PRODUCT_NAME = "$(TARGET_NAME)";
				SWIFT_EMIT_LOC_STRINGS = NO;
				SWIFT_VERSION = 5.0;
				TARGETED_DEVICE_FAMILY = "1,2";
				TEST_TARGET_NAME = IsacTalk;
			};
			name = Release;
		};
/* End XCBuildConfiguration section */

/* Begin XCConfigurationList section */
		4B95C6F12AB80E72003CF206 /* Build configuration list for PBXProject "IsacTalk" */ = {
			isa = XCConfigurationList;
			buildConfigurations = (
				4B95C7182AB80E73003CF206 /* Debug */,
				4B95C7192AB80E73003CF206 /* Release */,
			);
			defaultConfigurationIsVisible = 0;
			defaultConfigurationName = Release;
		};
		4B95C71A2AB80E73003CF206 /* Build configuration list for PBXNativeTarget "IsacTalk" */ = {
			isa = XCConfigurationList;
			buildConfigurations = (
				4B95C71B2AB80E73003CF206 /* Debug */,
				4B95C71C2AB80E73003CF206 /* Release */,
			);
			defaultConfigurationIsVisible = 0;
			defaultConfigurationName = Release;
		};
		4B95C71D2AB80E73003CF206 /* Build configuration list for PBXNativeTarget "IsacTalkTests" */ = {
			isa = XCConfigurationList;
			buildConfigurations = (
				4B95C71E2AB80E73003CF206 /* Debug */,
				4B95C71F2AB80E73003CF206 /* Release */,
			);
			defaultConfigurationIsVisible = 0;
			defaultConfigurationName = Release;
		};
		4B95C7202AB80E73003CF206 /* Build configuration list for PBXNativeTarget "IsacTalkUITests" */ = {
			isa = XCConfigurationList;
			buildConfigurations = (
				4B95C7212AB80E73003CF206 /* Debug */,
				4B95C7222AB80E73003CF206 /* Release */,
			);
			defaultConfigurationIsVisible = 0;
			defaultConfigurationName = Release;
		};
/* End XCConfigurationList section */

/* Begin XCRemoteSwiftPackageReference section */
		4BB8C5B92AB81E5900F5868C /* XCRemoteSwiftPackageReference "firebase-ios-sdk" */ = {
			isa = XCRemoteSwiftPackageReference;
			repositoryURL = "https://github.com/firebase/firebase-ios-sdk.git";
			requirement = {
				kind = upToNextMajorVersion;
				minimumVersion = 10.0.0;
			};
		};
		4BB8C5CE2AB81F0A00F5868C /* XCRemoteSwiftPackageReference "SDWebImageSwiftUI" */ = {
			isa = XCRemoteSwiftPackageReference;
			repositoryURL = "https://github.com/SDWebImage/SDWebImageSwiftUI.git";
			requirement = {
				kind = upToNextMajorVersion;
				minimumVersion = 2.0.0;
			};
		};
		4BB8C5EE2ABC45D900F5868C /* XCRemoteSwiftPackageReference "SwiftUI-Custom-TextField" */ = {
			isa = XCRemoteSwiftPackageReference;
			repositoryURL = "https://github.com/esatgozcu/SwiftUI-Custom-TextField";
			requirement = {
				branch = main;
				kind = branch;
			};
		};
/* End XCRemoteSwiftPackageReference section */

/* Begin XCSwiftPackageProductDependency section */
		4BB8C5BA2AB81E5900F5868C /* FirebaseAnalytics */ = {
			isa = XCSwiftPackageProductDependency;
			package = 4BB8C5B92AB81E5900F5868C /* XCRemoteSwiftPackageReference "firebase-ios-sdk" */;
			productName = FirebaseAnalytics;
		};
		4BB8C5BC2AB81E5900F5868C /* FirebaseAuth */ = {
			isa = XCSwiftPackageProductDependency;
			package = 4BB8C5B92AB81E5900F5868C /* XCRemoteSwiftPackageReference "firebase-ios-sdk" */;
			productName = FirebaseAuth;
		};
		4BB8C5BE2AB81E5900F5868C /* FirebaseCrashlytics */ = {
			isa = XCSwiftPackageProductDependency;
			package = 4BB8C5B92AB81E5900F5868C /* XCRemoteSwiftPackageReference "firebase-ios-sdk" */;
			productName = FirebaseCrashlytics;
		};
		4BB8C5C02AB81E5900F5868C /* FirebaseDatabase */ = {
			isa = XCSwiftPackageProductDependency;
			package = 4BB8C5B92AB81E5900F5868C /* XCRemoteSwiftPackageReference "firebase-ios-sdk" */;
			productName = FirebaseDatabase;
		};
		4BB8C5C22AB81E5900F5868C /* FirebaseDynamicLinks */ = {
			isa = XCSwiftPackageProductDependency;
			package = 4BB8C5B92AB81E5900F5868C /* XCRemoteSwiftPackageReference "firebase-ios-sdk" */;
			productName = FirebaseDynamicLinks;
		};
		4BB8C5C42AB81E5900F5868C /* FirebaseFirestore */ = {
			isa = XCSwiftPackageProductDependency;
			package = 4BB8C5B92AB81E5900F5868C /* XCRemoteSwiftPackageReference "firebase-ios-sdk" */;
			productName = FirebaseFirestore;
		};
		4BB8C5C62AB81E5900F5868C /* FirebaseFirestoreSwift */ = {
			isa = XCSwiftPackageProductDependency;
			package = 4BB8C5B92AB81E5900F5868C /* XCRemoteSwiftPackageReference "firebase-ios-sdk" */;
			productName = FirebaseFirestoreSwift;
		};
		4BB8C5C82AB81E5900F5868C /* FirebaseMessaging */ = {
			isa = XCSwiftPackageProductDependency;
			package = 4BB8C5B92AB81E5900F5868C /* XCRemoteSwiftPackageReference "firebase-ios-sdk" */;
			productName = FirebaseMessaging;
		};
		4BB8C5CA2AB81E5900F5868C /* FirebaseRemoteConfig */ = {
			isa = XCSwiftPackageProductDependency;
			package = 4BB8C5B92AB81E5900F5868C /* XCRemoteSwiftPackageReference "firebase-ios-sdk" */;
			productName = FirebaseRemoteConfig;
		};
		4BB8C5CC2AB81E5900F5868C /* FirebaseStorage */ = {
			isa = XCSwiftPackageProductDependency;
			package = 4BB8C5B92AB81E5900F5868C /* XCRemoteSwiftPackageReference "firebase-ios-sdk" */;
			productName = FirebaseStorage;
		};
		4BB8C5CF2AB81F0A00F5868C /* SDWebImageSwiftUI */ = {
			isa = XCSwiftPackageProductDependency;
			package = 4BB8C5CE2AB81F0A00F5868C /* XCRemoteSwiftPackageReference "SDWebImageSwiftUI" */;
			productName = SDWebImageSwiftUI;
		};
		4BB8C5EF2ABC45D900F5868C /* CustomTextField */ = {
			isa = XCSwiftPackageProductDependency;
			package = 4BB8C5EE2ABC45D900F5868C /* XCRemoteSwiftPackageReference "SwiftUI-Custom-TextField" */;
			productName = CustomTextField;
		};
/* End XCSwiftPackageProductDependency section */
	};
	rootObject = 4B95C6EE2AB80E72003CF206 /* Project object */;
}
